
Microsoft Visual Studio Solution File, Format Version 12.00
# Visual Studio Version 17
VisualStudioVersion = 17.11.35312.102
MinimumVisualStudioVersion = 10.0.40219.1
Project("{FAE04EC0-301F-11D3-BF4B-00C04F79EFBC}") = "BlazorApp1", "BlazorApp1.csproj", "{36020842-3F16-4A5E-82E5-DFAF5C31F80C}"
EndProject
Global
	GlobalSection(SolutionConfigurationPlatforms) = preSolution
		Debug|Any CPU = Debug|Any CPU
		Release|Any CPU = Release|Any CPU
	EndGlobalSection
	GlobalSection(ProjectConfigurationPlatforms) = postSolution
		{36020842-3F16-4A5E-82E5-DFAF5C31F80C}.Debug|Any CPU.ActiveCfg = Debug|Any CPU
		{36020842-3F16-4A5E-82E5-DFAF5C31F80C}.Debug|Any CPU.Build.0 = Debug|Any CPU
		{36020842-3F16-4A5E-82E5-DFAF5C31F80C}.Release|Any CPU.ActiveCfg = Release|Any CPU
		{36020842-3F16-4A5E-82E5-DFAF5C31F80C}.Release|Any CPU.Build.0 = Release|Any CPU
	EndGlobalSection
	GlobalSection(SolutionProperties) = preSolution
		HideSolutionNode = FALSE
	EndGlobalSection
	GlobalSection(ExtensibilityGlobals) = postSolution
		SolutionGuid = {00484188-28DA-4E84-B699-AA44C1AE3479}
	EndGlobalSection
EndGlobal
